
Microsoft Visual Studio Solution File, Format Version 12.00
# Visual Studio Version 17
VisualStudioVersion = 17.8.0.0
MinimumVisualStudioVersion = 17.8.0.0
Project("{9A19103F-16F7-4668-BE54-9A1E7A4F7556}") = "Puzyrik.AppHost", "Puzyrik.AppHost\Puzyrik.AppHost.csproj", "{8E5BF3CD-26D0-4D63-9348-384671CA1F39}"
EndProject
Project("{9A19103F-16F7-4668-BE54-9A1E7A4F7556}") = "Puzyrik.ServiceDefaults", "Puzyrik.ServiceDefaults\Puzyrik.ServiceDefaults.csproj", "{25F45BB5-69FE-4FC4-BC79-63042FDD557B}"
EndProject
Project("{9A19103F-16F7-4668-BE54-9A1E7A4F7556}") = "Puzyrik.ApiService", "Puzyrik.ApiService\Puzyrik.ApiService.csproj", "{3F8A4C51-A78A-4D1F-BB51-EAE345572757}"
EndProject
Project("{FAE04EC0-301F-11D3-BF4B-00C04F79EFBC}") = "Puzyrik.Entitlements", "Puzyrik.Entitlements\Puzyrik.Entitlements.csproj", "{E8BD8BA3-DC3D-49CC-B767-235AF04C87E0}"
EndProject
Project("{FAE04EC0-301F-11D3-BF4B-00C04F79EFBC}") = "Puzyrik.Tests", "Puzyrik.Tests\Puzyrik.Tests.csproj", "{57294599-08C0-46EA-A0ED-60280C73AD53}"
EndProject
Global
	GlobalSection(SolutionConfigurationPlatforms) = preSolution
		Debug|Any CPU = Debug|Any CPU
		Debug|x64 = Debug|x64
		Debug|x86 = Debug|x86
		Release|Any CPU = Release|Any CPU
		Release|x64 = Release|x64
		Release|x86 = Release|x86
	EndGlobalSection
	GlobalSection(ProjectConfigurationPlatforms) = postSolution
		{8E5BF3CD-26D0-4D63-9348-384671CA1F39}.Debug|Any CPU.ActiveCfg = Debug|Any CPU
		{8E5BF3CD-26D0-4D63-9348-384671CA1F39}.Debug|Any CPU.Build.0 = Debug|Any CPU
		{8E5BF3CD-26D0-4D63-9348-384671CA1F39}.Debug|x64.ActiveCfg = Debug|Any CPU
		{8E5BF3CD-26D0-4D63-9348-384671CA1F39}.Debug|x64.Build.0 = Debug|Any CPU
		{8E5BF3CD-26D0-4D63-9348-384671CA1F39}.Debug|x86.ActiveCfg = Debug|Any CPU
		{8E5BF3CD-26D0-4D63-9348-384671CA1F39}.Debug|x86.Build.0 = Debug|Any CPU
		{8E5BF3CD-26D0-4D63-9348-384671CA1F39}.Release|Any CPU.ActiveCfg = Release|Any CPU
		{8E5BF3CD-26D0-4D63-9348-384671CA1F39}.Release|Any CPU.Build.0 = Release|Any CPU
		{8E5BF3CD-26D0-4D63-9348-384671CA1F39}.Release|x64.ActiveCfg = Release|Any CPU
		{8E5BF3CD-26D0-4D63-9348-384671CA1F39}.Release|x64.Build.0 = Release|Any CPU
		{8E5BF3CD-26D0-4D63-9348-384671CA1F39}.Release|x86.ActiveCfg = Release|Any CPU
		{8E5BF3CD-26D0-4D63-9348-384671CA1F39}.Release|x86.Build.0 = Release|Any CPU
		{25F45BB5-69FE-4FC4-BC79-63042FDD557B}.Debug|Any CPU.ActiveCfg = Debug|Any CPU
		{25F45BB5-69FE-4FC4-BC79-63042FDD557B}.Debug|Any CPU.Build.0 = Debug|Any CPU
		{25F45BB5-69FE-4FC4-BC79-63042FDD557B}.Debug|x64.ActiveCfg = Debug|Any CPU
		{25F45BB5-69FE-4FC4-BC79-63042FDD557B}.Debug|x64.Build.0 = Debug|Any CPU
		{25F45BB5-69FE-4FC4-BC79-63042FDD557B}.Debug|x86.ActiveCfg = Debug|Any CPU
		{25F45BB5-69FE-4FC4-BC79-63042FDD557B}.Debug|x86.Build.0 = Debug|Any CPU
		{25F45BB5-69FE-4FC4-BC79-63042FDD557B}.Release|Any CPU.ActiveCfg = Release|Any CPU
		{25F45BB5-69FE-4FC4-BC79-63042FDD557B}.Release|Any CPU.Build.0 = Release|Any CPU
		{25F45BB5-69FE-4FC4-BC79-63042FDD557B}.Release|x64.ActiveCfg = Release|Any CPU
		{25F45BB5-69FE-4FC4-BC79-63042FDD557B}.Release|x64.Build.0 = Release|Any CPU
		{25F45BB5-69FE-4FC4-BC79-63042FDD557B}.Release|x86.ActiveCfg = Release|Any CPU
		{25F45BB5-69FE-4FC4-BC79-63042FDD557B}.Release|x86.Build.0 = Release|Any CPU
		{3F8A4C51-A78A-4D1F-BB51-EAE345572757}.Debug|Any CPU.ActiveCfg = Debug|Any CPU
		{3F8A4C51-A78A-4D1F-BB51-EAE345572757}.Debug|Any CPU.Build.0 = Debug|Any CPU
		{3F8A4C51-A78A-4D1F-BB51-EAE345572757}.Debug|x64.ActiveCfg = Debug|Any CPU
		{3F8A4C51-A78A-4D1F-BB51-EAE345572757}.Debug|x64.Build.0 = Debug|Any CPU
		{3F8A4C51-A78A-4D1F-BB51-EAE345572757}.Debug|x86.ActiveCfg = Debug|Any CPU
		{3F8A4C51-A78A-4D1F-BB51-EAE345572757}.Debug|x86.Build.0 = Debug|Any CPU
		{3F8A4C51-A78A-4D1F-BB51-EAE345572757}.Release|Any CPU.ActiveCfg = Release|Any CPU
		{3F8A4C51-A78A-4D1F-BB51-EAE345572757}.Release|Any CPU.Build.0 = Release|Any CPU
		{3F8A4C51-A78A-4D1F-BB51-EAE345572757}.Release|x64.ActiveCfg = Release|Any CPU
		{3F8A4C51-A78A-4D1F-BB51-EAE345572757}.Release|x64.Build.0 = Release|Any CPU
		{3F8A4C51-A78A-4D1F-BB51-EAE345572757}.Release|x86.ActiveCfg = Release|Any CPU
		{3F8A4C51-A78A-4D1F-BB51-EAE345572757}.Release|x86.Build.0 = Release|Any CPU
		{E8BD8BA3-DC3D-49CC-B767-235AF04C87E0}.Debug|Any CPU.ActiveCfg = Debug|Any CPU
		{E8BD8BA3-DC3D-49CC-B767-235AF04C87E0}.Debug|Any CPU.Build.0 = Debug|Any CPU
		{E8BD8BA3-DC3D-49CC-B767-235AF04C87E0}.Debug|x64.ActiveCfg = Debug|Any CPU
		{E8BD8BA3-DC3D-49CC-B767-235AF04C87E0}.Debug|x64.Build.0 = Debug|Any CPU
		{E8BD8BA3-DC3D-49CC-B767-235AF04C87E0}.Debug|x86.ActiveCfg = Debug|Any CPU
		{E8BD8BA3-DC3D-49CC-B767-235AF04C87E0}.Debug|x86.Build.0 = Debug|Any CPU
		{E8BD8BA3-DC3D-49CC-B767-235AF04C87E0}.Release|Any CPU.ActiveCfg = Release|Any CPU
		{E8BD8BA3-DC3D-49CC-B767-235AF04C87E0}.Release|Any CPU.Build.0 = Release|Any CPU
		{E8BD8BA3-DC3D-49CC-B767-235AF04C87E0}.Release|x64.ActiveCfg = Release|Any CPU
		{E8BD8BA3-DC3D-49CC-B767-235AF04C87E0}.Release|x64.Build.0 = Release|Any CPU
		{E8BD8BA3-DC3D-49CC-B767-235AF04C87E0}.Release|x86.ActiveCfg = Release|Any CPU
		{E8BD8BA3-DC3D-49CC-B767-235AF04C87E0}.Release|x86.Build.0 = Release|Any CPU
		{57294599-08C0-46EA-A0ED-60280C73AD53}.Debug|Any CPU.ActiveCfg = Debug|Any CPU
		{57294599-08C0-46EA-A0ED-60280C73AD53}.Debug|Any CPU.Build.0 = Debug|Any CPU
		{57294599-08C0-46EA-A0ED-60280C73AD53}.Debug|x64.ActiveCfg = Debug|Any CPU
		{57294599-08C0-46EA-A0ED-60280C73AD53}.Debug|x64.Build.0 = Debug|Any CPU
		{57294599-08C0-46EA-A0ED-60280C73AD53}.Debug|x86.ActiveCfg = Debug|Any CPU
		{57294599-08C0-46EA-A0ED-60280C73AD53}.Debug|x86.Build.0 = Debug|Any CPU
		{57294599-08C0-46EA-A0ED-60280C73AD53}.Release|Any CPU.ActiveCfg = Release|Any CPU
		{57294599-08C0-46EA-A0ED-60280C73AD53}.Release|Any CPU.Build.0 = Release|Any CPU
		{57294599-08C0-46EA-A0ED-60280C73AD53}.Release|x64.ActiveCfg = Release|Any CPU
		{57294599-08C0-46EA-A0ED-60280C73AD53}.Release|x64.Build.0 = Release|Any CPU
		{57294599-08C0-46EA-A0ED-60280C73AD53}.Release|x86.ActiveCfg = Release|Any CPU
		{57294599-08C0-46EA-A0ED-60280C73AD53}.Release|x86.Build.0 = Release|Any CPU
	EndGlobalSection
	GlobalSection(SolutionProperties) = preSolution
		HideSolutionNode = FALSE
	EndGlobalSection
	GlobalSection(ExtensibilityGlobals) = postSolution
		SolutionGuid = {4FC44EE8-7E0C-482B-A35C-A6CA2D316332}
	EndGlobalSection
EndGlobal
